// !$*UTF8*$!
{
	archiveVersion = 1;
	classes = {
	};
	objectVersion = 50;
	objects = {

/* Begin PBXBuildFile section */
		F7A8D5AC25140C2E00DB2E49 /* AppDelegate.swift in Sources */ = {isa = PBXBuildFile; fileRef = F7A8D5AB25140C2E00DB2E49 /* AppDelegate.swift */; };
		F7A8D5AE25140C2E00DB2E49 /* SceneDelegate.swift in Sources */ = {isa = PBXBuildFile; fileRef = F7A8D5AD25140C2E00DB2E49 /* SceneDelegate.swift */; };
		F7A8D5B025140C2E00DB2E49 /* ViewController.swift in Sources */ = {isa = PBXBuildFile; fileRef = F7A8D5AF25140C2E00DB2E49 /* ViewController.swift */; };
		F7A8D5B325140C2E00DB2E49 /* Main.storyboard in Resources */ = {isa = PBXBuildFile; fileRef = F7A8D5B125140C2E00DB2E49 /* Main.storyboard */; };
		F7A8D5B525140C3000DB2E49 /* Assets.xcassets in Resources */ = {isa = PBXBuildFile; fileRef = F7A8D5B425140C3000DB2E49 /* Assets.xcassets */; };
		F7A8D5B825140C3000DB2E49 /* LaunchScreen.storyboard in Resources */ = {isa = PBXBuildFile; fileRef = F7A8D5B625140C3000DB2E49 /* LaunchScreen.storyboard */; };
/* End PBXBuildFile section */

/* Begin PBXFileReference section */
		F7A8D5A825140C2E00DB2E49 /* RunKeeperMedals.app */ = {isa = PBXFileReference; explicitFileType = wrapper.application; includeInIndex = 0; path = RunKeeperMedals.app; sourceTree = BUILT_PRODUCTS_DIR; };
		F7A8D5AB25140C2E00DB2E49 /* AppDelegate.swift */ = {isa = PBXFileReference; lastKnownFileType = sourcecode.swift; path = AppDelegate.swift; sourceTree = "<group>"; };
		F7A8D5AD25140C2E00DB2E49 /* SceneDelegate.swift */ = {isa = PBXFileReference; lastKnownFileType = sourcecode.swift; path = SceneDelegate.swift; sourceTree = "<group>"; };
		F7A8D5AF25140C2E00DB2E49 /* ViewController.swift */ = {isa = PBXFileReference; lastKnownFileType = sourcecode.swift; path = ViewController.swift; sourceTree = "<group>"; };
		F7A8D5B225140C2E00DB2E49 /* Base */ = {isa = PBXFileReference; lastKnownFileType = file.storyboard; name = Base; path = Base.lproj/Main.storyboard; sourceTree = "<group>"; };
		F7A8D5B425140C3000DB2E49 /* Assets.xcassets */ = {isa = PBXFileReference; lastKnownFileType = folder.assetcatalog; path = Assets.xcassets; sourceTree = "<group>"; };
		F7A8D5B725140C3000DB2E49 /* Base */ = {isa = PBXFileReference; lastKnownFileType = file.storyboard; name = Base; path = Base.lproj/LaunchScreen.storyboard; sourceTree = "<group>"; };
		F7A8D5B925140C3000DB2E49 /* Info.plist */ = {isa = PBXFileReference; lastKnownFileType = text.plist.xml; path = Info.plist; sourceTree = "<group>"; };
/* End PBXFileReference section */

/* Begin PBXFrameworksBuildPhase section */
		F7A8D5A525140C2E00DB2E49 /* Frameworks */ = {
			isa = PBXFrameworksBuildPhase;
			buildActionMask = 2147483647;
			files = (
			);
			runOnlyForDeploymentPostprocessing = 0;
		};
/* End PBXFrameworksBuildPhase section */

/* Begin PBXGroup section */
		F7A8D59F25140C2E00DB2E49 = {
			isa = PBXGroup;
			children = (
				F7A8D5AA25140C2E00DB2E49 /* RunKeeperMedals */,
				F7A8D5A925140C2E00DB2E49 /* Products */,
			);
			sourceTree = "<group>";
		};
		F7A8D5A925140C2E00DB2E49 /* Products */ = {
			isa = PBXGroup;
			children = (
				F7A8D5A825140C2E00DB2E49 /* RunKeeperMedals.app */,
			);
			name = Products;
			sourceTree = "<group>";
		};
		F7A8D5AA25140C2E00DB2E49 /* RunKeeperMedals */ = {
			isa = PBXGroup;
			children = (
				F7A8D5AB25140C2E00DB2E49 /* AppDelegate.swift */,
				F7A8D5AD25140C2E00DB2E49 /* SceneDelegate.swift */,
				F7A8D5AF25140C2E00DB2E49 /* ViewController.swift */,
				F7A8D5B125140C2E00DB2E49 /* Main.storyboard */,
				F7A8D5B425140C3000DB2E49 /* Assets.xcassets */,
				F7A8D5B625140C3000DB2E49 /* LaunchScreen.storyboard */,
				F7A8D5B925140C3000DB2E49 /* Info.plist */,
			);
			path = RunKeeperMedals;
			sourceTree = "<group>";
		};
/* End PBXGroup section */

/* Begin PBXNativeTarget section */
		F7A8D5A725140C2E00DB2E49 /* RunKeeperMedals */ = {
			isa = PBXNativeTarget;
			buildConfigurationList = F7A8D5BC25140C3000DB2E49 /* Build configuration list for PBXNativeTarget "RunKeeperMedals" */;
			buildPhases = (
				F7A8D5A425140C2E00DB2E49 /* Sources */,
				F7A8D5A525140C2E00DB2E49 /* Frameworks */,
				F7A8D5A625140C2E00DB2E49 /* Resources */,
			);
			buildRules = (
			);
			dependencies = (
			);
			name = RunKeeperMedals;
			productName = RunKeeperMedals;
			productReference = F7A8D5A825140C2E00DB2E49 /* RunKeeperMedals.app */;
			productType = "com.apple.product-type.application";
		};
/* End PBXNativeTarget section */

/* Begin PBXProject section */
		F7A8D5A025140C2E00DB2E49 /* Project object */ = {
			isa = PBXProject;
			attributes = {
				LastSwiftUpdateCheck = 1200;
				LastUpgradeCheck = 1200;
				TargetAttributes = {
					F7A8D5A725140C2E00DB2E49 = {
						CreatedOnToolsVersion = 12.0;
					};
				};
			};
			buildConfigurationList = F7A8D5A325140C2E00DB2E49 /* Build configuration list for PBXProject "RunKeeperMedals" */;
			compatibilityVersion = "Xcode 9.3";
			developmentRegion = en;
			hasScannedForEncodings = 0;
			knownRegions = (
				en,
				Base,
			);
			mainGroup = F7A8D59F25140C2E00DB2E49;
			productRefGroup = F7A8D5A925140C2E00DB2E49 /* Products */;
			projectDirPath = "";
			projectRoot = "";
			targets = (
				F7A8D5A725140C2E00DB2E49 /* RunKeeperMedals */,
			);
		};
/* End PBXProject section */

/* Begin PBXResourcesBuildPhase section */
		F7A8D5A625140C2E00DB2E49 /* Resources */ = {
			isa = PBXResourcesBuildPhase;
			buildActionMask = 2147483647;
			files = (
				F7A8D5B825140C3000DB2E49 /* LaunchScreen.storyboard in Resources */,
				F7A8D5B525140C3000DB2E49 /* Assets.xcassets in Resources */,
				F7A8D5B325140C2E00DB2E49 /* Main.storyboard in Resources */,
			);
			runOnlyForDeploymentPostprocessing = 0;
		};
/* End PBXResourcesBuildPhase section */

/* Begin PBXSourcesBuildPhase section */
		F7A8D5A425140C2E00DB2E49 /* Sources */ = {
			isa = PBXSourcesBuildPhase;
			buildActionMask = 2147483647;
			files = (
				F7A8D5B025140C2E00DB2E49 /* ViewController.swift in Sources */,
				F7A8D5AC25140C2E00DB2E49 /* AppDelegate.swift in Sources */,
				F7A8D5AE25140C2E00DB2E49 /* SceneDelegate.swift in Sources */,
			);
			runOnlyForDeploymentPostprocessing = 0;
		};
/* End PBXSourcesBuildPhase section */

/* Begin PBXVariantGroup section */
		F7A8D5B125140C2E00DB2E49 /* Main.storyboard */ = {
			isa = PBXVariantGroup;
			children = (
				F7A8D5B225140C2E00DB2E49 /* Base */,
			);
			name = Main.storyboard;
			sourceTree = "<group>";
		};
		F7A8D5B625140C3000DB2E49 /* LaunchScreen.storyboard */ = {
			isa = PBXVariantGroup;
			children = (
				F7A8D5B725140C3000DB2E49 /* Base */,
			);
			name = LaunchScreen.storyboard;
			sourceTree = "<group>";
		};
/* End PBXVariantGroup section */

/* Begin XCBuildConfiguration section */
		F7A8D5BA25140C3000DB2E49 /* Debug */ = {
			isa = XCBuildConfiguration;
			buildSettings = {
				ALWAYS_SEARCH_USER_PATHS = NO;
				CLANG_ANALYZER_NONNULL = YES;
				CLANG_ANALYZER_NUMBER_OBJECT_CONVERSION = YES_AGGRESSIVE;
				CLANG_CXX_LANGUAGE_STANDARD = "gnu++14";
				CLANG_CXX_LIBRARY = "libc++";
				CLANG_ENABLE_MODULES = YES;
				CLANG_ENABLE_OBJC_ARC = YES;
				CLANG_ENABLE_OBJC_WEAK = YES;
				CLANG_WARN_BLOCK_CAPTURE_AUTORELEASING = YES;
				CLANG_WARN_BOOL_CONVERSION = YES;
				CLANG_WARN_COMMA = YES;
				CLANG_WARN_CONSTANT_CONVERSION = YES;
				CLANG_WARN_DEPRECATED_OBJC_IMPLEMENTATIONS = YES;
				CLANG_WARN_DIRECT_OBJC_ISA_USAGE = YES_ERROR;
				CLANG_WARN_DOCUMENTATION_COMMENTS = YES;
				CLANG_WARN_EMPTY_BODY = YES;
				CLANG_WARN_ENUM_CONVERSION = YES;
				CLANG_WARN_INFINITE_RECURSION = YES;
				CLANG_WARN_INT_CONVERSION = YES;
				CLANG_WARN_NON_LITERAL_NULL_CONVERSION = YES;
				CLANG_WARN_OBJC_IMPLICIT_RETAIN_SELF = YES;
				CLANG_WARN_OBJC_LITERAL_CONVERSION = YES;
				CLANG_WARN_OBJC_ROOT_CLASS = YES_ERROR;
				CLANG_WARN_QUOTED_INCLUDE_IN_FRAMEWORK_HEADER = YES;
				CLANG_WARN_RANGE_LOOP_ANALYSIS = YES;
				CLANG_WARN_STRICT_PROTOTYPES = YES;
				CLANG_WARN_SUSPICIOUS_MOVE = YES;
				CLANG_WARN_UNGUARDED_AVAILABILITY = YES_AGGRESSIVE;
				CLANG_WARN_UNREACHABLE_CODE = YES;
				CLANG_WARN__DUPLICATE_METHOD_MATCH = YES;
				COPY_PHASE_STRIP = NO;
				DEBUG_INFORMATION_FORMAT = dwarf;
				ENABLE_STRICT_OBJC_MSGSEND = YES;
				ENABLE_TESTABILITY = YES;
				GCC_C_LANGUAGE_STANDARD = gnu11;
				GCC_DYNAMIC_NO_PIC = NO;
				GCC_NO_COMMON_BLOCKS = YES;
				GCC_OPTIMIZATION_LEVEL = 0;
				GCC_PREPROCESSOR_DEFINITIONS = (
					"DEBUG=1",
					"$(inherited)",
				);
				GCC_WARN_64_TO_32_BIT_CONVERSION = YES;
				GCC_WARN_ABOUT_RETURN_TYPE = YES_ERROR;
				GCC_WARN_UNDECLARED_SELECTOR = YES;
				GCC_WARN_UNINITIALIZED_AUTOS = YES_AGGRESSIVE;
				GCC_WARN_UNUSED_FUNCTION = YES;
				GCC_WARN_UNUSED_VARIABLE = YES;
				IPHONEOS_DEPLOYMENT_TARGET = 14.0;
				MTL_ENABLE_DEBUG_INFO = INCLUDE_SOURCE;
				MTL_FAST_MATH = YES;
				ONLY_ACTIVE_ARCH = YES;
				SDKROOT = iphoneos;
				SWIFT_ACTIVE_COMPILATION_CONDITIONS = DEBUG;
				SWIFT_OPTIMIZATION_LEVEL = "-Onone";
			};
			name = Debug;
		};
		F7A8D5BB25140C3000DB2E49 /* Release */ = {
			isa = XCBuildConfiguration;
			buildSettings = {
				ALWAYS_SEARCH_USER_PATHS = NO;
				CLANG_ANALYZER_NONNULL = YES;
				CLANG_ANALYZER_NUMBER_OBJECT_CONVERSION = YES_AGGRESSIVE;
				CLANG_CXX_LANGUAGE_STANDARD = "gnu++14";
				CLANG_CXX_LIBRARY = "libc++";
				CLANG_ENABLE_MODULES = YES;
				CLANG_ENABLE_OBJC_ARC = YES;
				CLANG_ENABLE_OBJC_WEAK = YES;
				CLANG_WARN_BLOCK_CAPTURE_AUTORELEASING = YES;
				CLANG_WARN_BOOL_CONVERSION = YES;
				CLANG_WARN_COMMA = YES;
				CLANG_WARN_CONSTANT_CONVERSION = YES;
				CLANG_WARN_DEPRECATED_OBJC_IMPLEMENTATIONS = YES;
				CLANG_WARN_DIRECT_OBJC_ISA_USAGE = YES_ERROR;
				CLANG_WARN_DOCUMENTATION_COMMENTS = YES;
				CLANG_WARN_EMPTY_BODY = YES;
				CLANG_WARN_ENUM_CONVERSION = YES;
				CLANG_WARN_INFINITE_RECURSION = YES;
				CLANG_WARN_INT_CONVERSION = YES;
				CLANG_WARN_NON_LITERAL_NULL_CONVERSION = YES;
				CLANG_WARN_OBJC_IMPLICIT_RETAIN_SELF = YES;
				CLANG_WARN_OBJC_LITERAL_CONVERSION = YES;
				CLANG_WARN_OBJC_ROOT_CLASS = YES_ERROR;
				CLANG_WARN_QUOTED_INCLUDE_IN_FRAMEWORK_HEADER = YES;
				CLANG_WARN_RANGE_LOOP_ANALYSIS = YES;
				CLANG_WARN_STRICT_PROTOTYPES = YES;
				CLANG_WARN_SUSPICIOUS_MOVE = YES;
				CLANG_WARN_UNGUARDED_AVAILABILITY = YES_AGGRESSIVE;
				CLANG_WARN_UNREACHABLE_CODE = YES;
				CLANG_WARN__DUPLICATE_METHOD_MATCH = YES;
				COPY_PHASE_STRIP = NO;
				DEBUG_INFORMATION_FORMAT = "dwarf-with-dsym";
				ENABLE_NS_ASSERTIONS = NO;
				ENABLE_STRICT_OBJC_MSGSEND = YES;
				GCC_C_LANGUAGE_STANDARD = gnu11;
				GCC_NO_COMMON_BLOCKS = YES;
				GCC_WARN_64_TO_32_BIT_CONVERSION = YES;
				GCC_WARN_ABOUT_RETURN_TYPE = YES_ERROR;
				GCC_WARN_UNDECLARED_SELECTOR = YES;
				GCC_WARN_UNINITIALIZED_AUTOS = YES_AGGRESSIVE;
				GCC_WARN_UNUSED_FUNCTION = YES;
				GCC_WARN_UNUSED_VARIABLE = YES;
				IPHONEOS_DEPLOYMENT_TARGET = 14.0;
				MTL_ENABLE_DEBUG_INFO = NO;
				MTL_FAST_MATH = YES;
				SDKROOT = iphoneos;
				SWIFT_COMPILATION_MODE = wholemodule;
				SWIFT_OPTIMIZATION_LEVEL = "-O";
				VALIDATE_PRODUCT = YES;
			};
			name = Release;
		};
		F7A8D5BD25140C3000DB2E49 /* Debug */ = {
			isa = XCBuildConfiguration;
			buildSettings = {
				ASSETCATALOG_COMPILER_APPICON_NAME = AppIcon;
				ASSETCATALOG_COMPILER_GLOBAL_ACCENT_COLOR_NAME = AccentColor;
				CODE_SIGN_STYLE = Automatic;
				DEVELOPMENT_TEAM = Y3LWP69AUV;
				INFOPLIST_FILE = RunKeeperMedals/Info.plist;
				LD_RUNPATH_SEARCH_PATHS = (
					"$(inherited)",
					"@executable_path/Frameworks",
				);
				PRODUCT_BUNDLE_IDENTIFIER = com.danilo.silveira.RunKeeperMedals;
				PRODUCT_NAME = "$(TARGET_NAME)";
				SWIFT_VERSION = 5.0;
				TARGETED_DEVICE_FAMILY = "1,2";
			};
			name = Debug;
		};
		F7A8D5BE25140C3000DB2E49 /* Release */ = {
			isa = XCBuildConfiguration;
			buildSettings = {
				ASSETCATALOG_COMPILER_APPICON_NAME = AppIcon;
				ASSETCATALOG_COMPILER_GLOBAL_ACCENT_COLOR_NAME = AccentColor;
				CODE_SIGN_STYLE = Automatic;
				DEVELOPMENT_TEAM = Y3LWP69AUV;
				INFOPLIST_FILE = RunKeeperMedals/Info.plist;
				LD_RUNPATH_SEARCH_PATHS = (
					"$(inherited)",
					"@executable_path/Frameworks",
				);
				PRODUCT_BUNDLE_IDENTIFIER = com.danilo.silveira.RunKeeperMedals;
				PRODUCT_NAME = "$(TARGET_NAME)";
				SWIFT_VERSION = 5.0;
				TARGETED_DEVICE_FAMILY = "1,2";
			};
			name = Release;
		};
/* End XCBuildConfiguration section */

/* Begin XCConfigurationList section */
		F7A8D5A325140C2E00DB2E49 /* Build configuration list for PBXProject "RunKeeperMedals" */ = {
			isa = XCConfigurationList;
			buildConfigurations = (
				F7A8D5BA25140C3000DB2E49 /* Debug */,
				F7A8D5BB25140C3000DB2E49 /* Release */,
			);
			defaultConfigurationIsVisible = 0;
			defaultConfigurationName = Release;
		};
		F7A8D5BC25140C3000DB2E49 /* Build configuration list for PBXNativeTarget "RunKeeperMedals" */ = {
			isa = XCConfigurationList;
			buildConfigurations = (
				F7A8D5BD25140C3000DB2E49 /* Debug */,
				F7A8D5BE25140C3000DB2E49 /* Release */,
			);
			defaultConfigurationIsVisible = 0;
			defaultConfigurationName = Release;
		};
/* End XCConfigurationList section */
	};
	rootObject = F7A8D5A025140C2E00DB2E49 /* Project object */;
}
